
Microsoft Visual Studio Solution File, Format Version 12.00
# Visual Studio Version 17
VisualStudioVersion = 17.5.33516.290
MinimumVisualStudioVersion = 10.0.40219.1
Project("{FAE04EC0-301F-11D3-BF4B-00C04F79EFBC}") = "dardo", "dardo\dardo.csproj", "{AED7A27B-3E93-46A0-88BE-FDF2C990B66B}"
EndProject
Global
	GlobalSection(SolutionConfigurationPlatforms) = preSolution
		Debug|Any CPU = Debug|Any CPU
		Release|Any CPU = Release|Any CPU
	EndGlobalSection
	GlobalSection(ProjectConfigurationPlatforms) = postSolution
		{AED7A27B-3E93-46A0-88BE-FDF2C990B66B}.Debug|Any CPU.ActiveCfg = Debug|Any CPU
		{AED7A27B-3E93-46A0-88BE-FDF2C990B66B}.Debug|Any CPU.Build.0 = Debug|Any CPU
		{AED7A27B-3E93-46A0-88BE-FDF2C990B66B}.Release|Any CPU.ActiveCfg = Release|Any CPU
		{AED7A27B-3E93-46A0-88BE-FDF2C990B66B}.Release|Any CPU.Build.0 = Release|Any CPU
	EndGlobalSection
	GlobalSection(SolutionProperties) = preSolution
		HideSolutionNode = FALSE
	EndGlobalSection
	GlobalSection(ExtensibilityGlobals) = postSolution
		SolutionGuid = {AB92470B-374C-4131-BC80-E656145555E6}
	EndGlobalSection
EndGlobal
