
Microsoft Visual Studio Solution File, Format Version 12.00
# Visual Studio Version 17
VisualStudioVersion = 17.4.33103.184
MinimumVisualStudioVersion = 10.0.40219.1
Project("{FAE04EC0-301F-11D3-BF4B-00C04F79EFBC}") = "Course", "Course\Course.csproj", "{9099262E-AA84-46EE-938B-3DF11B62C6C5}"
EndProject
Global
	GlobalSection(SolutionConfigurationPlatforms) = preSolution
		Debug|Any CPU = Debug|Any CPU
		Release|Any CPU = Release|Any CPU
	EndGlobalSection
	GlobalSection(ProjectConfigurationPlatforms) = postSolution
		{9099262E-AA84-46EE-938B-3DF11B62C6C5}.Debug|Any CPU.ActiveCfg = Debug|Any CPU
		{9099262E-AA84-46EE-938B-3DF11B62C6C5}.Debug|Any CPU.Build.0 = Debug|Any CPU
		{9099262E-AA84-46EE-938B-3DF11B62C6C5}.Release|Any CPU.ActiveCfg = Release|Any CPU
		{9099262E-AA84-46EE-938B-3DF11B62C6C5}.Release|Any CPU.Build.0 = Release|Any CPU
	EndGlobalSection
	GlobalSection(SolutionProperties) = preSolution
		HideSolutionNode = FALSE
	EndGlobalSection
	GlobalSection(ExtensibilityGlobals) = postSolution
		SolutionGuid = {63DC0462-554C-4EC5-AF50-55853E529D54}
	EndGlobalSection
EndGlobal
