
Microsoft Visual Studio Solution File, Format Version 12.00
# Visual Studio Version 17
VisualStudioVersion = 17.5.33516.290
MinimumVisualStudioVersion = 10.0.40219.1
Project("{FAE04EC0-301F-11D3-BF4B-00C04F79EFBC}") = "operadora", "operadora\operadora.csproj", "{F8286D96-A324-45A8-B719-02BAED4C8726}"
EndProject
Global
	GlobalSection(SolutionConfigurationPlatforms) = preSolution
		Debug|Any CPU = Debug|Any CPU
		Release|Any CPU = Release|Any CPU
	EndGlobalSection
	GlobalSection(ProjectConfigurationPlatforms) = postSolution
		{F8286D96-A324-45A8-B719-02BAED4C8726}.Debug|Any CPU.ActiveCfg = Debug|Any CPU
		{F8286D96-A324-45A8-B719-02BAED4C8726}.Debug|Any CPU.Build.0 = Debug|Any CPU
		{F8286D96-A324-45A8-B719-02BAED4C8726}.Release|Any CPU.ActiveCfg = Release|Any CPU
		{F8286D96-A324-45A8-B719-02BAED4C8726}.Release|Any CPU.Build.0 = Release|Any CPU
	EndGlobalSection
	GlobalSection(SolutionProperties) = preSolution
		HideSolutionNode = FALSE
	EndGlobalSection
	GlobalSection(ExtensibilityGlobals) = postSolution
		SolutionGuid = {51CAEA51-D3DD-4E22-AB59-B78654DB99C3}
	EndGlobalSection
EndGlobal
