
Microsoft Visual Studio Solution File, Format Version 12.00
# Visual Studio Version 17
VisualStudioVersion = 17.5.33516.290
MinimumVisualStudioVersion = 10.0.40219.1
Project("{FAE04EC0-301F-11D3-BF4B-00C04F79EFBC}") = "medidas", "medidas\medidas.csproj", "{3B0CABC1-D6E3-4AD9-BD8A-5E2DC3AC7696}"
EndProject
Global
	GlobalSection(SolutionConfigurationPlatforms) = preSolution
		Debug|Any CPU = Debug|Any CPU
		Release|Any CPU = Release|Any CPU
	EndGlobalSection
	GlobalSection(ProjectConfigurationPlatforms) = postSolution
		{3B0CABC1-D6E3-4AD9-BD8A-5E2DC3AC7696}.Debug|Any CPU.ActiveCfg = Debug|Any CPU
		{3B0CABC1-D6E3-4AD9-BD8A-5E2DC3AC7696}.Debug|Any CPU.Build.0 = Debug|Any CPU
		{3B0CABC1-D6E3-4AD9-BD8A-5E2DC3AC7696}.Release|Any CPU.ActiveCfg = Release|Any CPU
		{3B0CABC1-D6E3-4AD9-BD8A-5E2DC3AC7696}.Release|Any CPU.Build.0 = Release|Any CPU
	EndGlobalSection
	GlobalSection(SolutionProperties) = preSolution
		HideSolutionNode = FALSE
	EndGlobalSection
	GlobalSection(ExtensibilityGlobals) = postSolution
		SolutionGuid = {4E0B9441-6F79-4946-B477-FBF6B6E69631}
	EndGlobalSection
EndGlobal
