
Microsoft Visual Studio Solution File, Format Version 12.00
# Visual Studio Version 17
VisualStudioVersion = 17.5.33516.290
MinimumVisualStudioVersion = 10.0.40219.1
Project("{FAE04EC0-301F-11D3-BF4B-00C04F79EFBC}") = "acima_diagonal", "acima_diagonal\acima_diagonal.csproj", "{614CB01B-BC55-4E82-8BCB-3454BE55AF33}"
EndProject
Global
	GlobalSection(SolutionConfigurationPlatforms) = preSolution
		Debug|Any CPU = Debug|Any CPU
		Release|Any CPU = Release|Any CPU
	EndGlobalSection
	GlobalSection(ProjectConfigurationPlatforms) = postSolution
		{614CB01B-BC55-4E82-8BCB-3454BE55AF33}.Debug|Any CPU.ActiveCfg = Debug|Any CPU
		{614CB01B-BC55-4E82-8BCB-3454BE55AF33}.Debug|Any CPU.Build.0 = Debug|Any CPU
		{614CB01B-BC55-4E82-8BCB-3454BE55AF33}.Release|Any CPU.ActiveCfg = Release|Any CPU
		{614CB01B-BC55-4E82-8BCB-3454BE55AF33}.Release|Any CPU.Build.0 = Release|Any CPU
	EndGlobalSection
	GlobalSection(SolutionProperties) = preSolution
		HideSolutionNode = FALSE
	EndGlobalSection
	GlobalSection(ExtensibilityGlobals) = postSolution
		SolutionGuid = {FE5B046E-BCC0-42FF-98C6-7BFAB90C7657}
	EndGlobalSection
EndGlobal
