
Microsoft Visual Studio Solution File, Format Version 12.00
# Visual Studio Version 17
VisualStudioVersion = 17.5.33516.290
MinimumVisualStudioVersion = 10.0.40219.1
Project("{FAE04EC0-301F-11D3-BF4B-00C04F79EFBC}") = "Primeiro", "Primeiro\Primeiro.csproj", "{AAD75D5C-7932-4EAC-A346-F056CED2C5D9}"
EndProject
Global
	GlobalSection(SolutionConfigurationPlatforms) = preSolution
		Debug|Any CPU = Debug|Any CPU
		Release|Any CPU = Release|Any CPU
	EndGlobalSection
	GlobalSection(ProjectConfigurationPlatforms) = postSolution
		{AAD75D5C-7932-4EAC-A346-F056CED2C5D9}.Debug|Any CPU.ActiveCfg = Debug|Any CPU
		{AAD75D5C-7932-4EAC-A346-F056CED2C5D9}.Debug|Any CPU.Build.0 = Debug|Any CPU
		{AAD75D5C-7932-4EAC-A346-F056CED2C5D9}.Release|Any CPU.ActiveCfg = Release|Any CPU
		{AAD75D5C-7932-4EAC-A346-F056CED2C5D9}.Release|Any CPU.Build.0 = Release|Any CPU
	EndGlobalSection
	GlobalSection(SolutionProperties) = preSolution
		HideSolutionNode = FALSE
	EndGlobalSection
	GlobalSection(ExtensibilityGlobals) = postSolution
		SolutionGuid = {874BDA42-3580-4988-BDAC-E6BA28F46A4F}
	EndGlobalSection
EndGlobal
