
Microsoft Visual Studio Solution File, Format Version 12.00
# Visual Studio Version 17
VisualStudioVersion = 17.5.33516.290
MinimumVisualStudioVersion = 10.0.40219.1
Project("{FAE04EC0-301F-11D3-BF4B-00C04F79EFBC}") = "media_ponderada", "media_ponderada\media_ponderada.csproj", "{AA241B77-E41E-427B-8013-9C3CD5191902}"
EndProject
Global
	GlobalSection(SolutionConfigurationPlatforms) = preSolution
		Debug|Any CPU = Debug|Any CPU
		Release|Any CPU = Release|Any CPU
	EndGlobalSection
	GlobalSection(ProjectConfigurationPlatforms) = postSolution
		{AA241B77-E41E-427B-8013-9C3CD5191902}.Debug|Any CPU.ActiveCfg = Debug|Any CPU
		{AA241B77-E41E-427B-8013-9C3CD5191902}.Debug|Any CPU.Build.0 = Debug|Any CPU
		{AA241B77-E41E-427B-8013-9C3CD5191902}.Release|Any CPU.ActiveCfg = Release|Any CPU
		{AA241B77-E41E-427B-8013-9C3CD5191902}.Release|Any CPU.Build.0 = Release|Any CPU
	EndGlobalSection
	GlobalSection(SolutionProperties) = preSolution
		HideSolutionNode = FALSE
	EndGlobalSection
	GlobalSection(ExtensibilityGlobals) = postSolution
		SolutionGuid = {E6CB8130-2D23-407D-97A6-1F69F92762CF}
	EndGlobalSection
EndGlobal
