
Microsoft Visual Studio Solution File, Format Version 12.00
# Visual Studio Version 17
VisualStudioVersion = 17.5.33502.453
MinimumVisualStudioVersion = 10.0.40219.1
Project("{FAE04EC0-301F-11D3-BF4B-00C04F79EFBC}") = "1114", "1114\1114.csproj", "{E8E5BB98-95A5-4E2B-B5F4-EAEB91458FED}"
EndProject
Global
	GlobalSection(SolutionConfigurationPlatforms) = preSolution
		Debug|Any CPU = Debug|Any CPU
		Release|Any CPU = Release|Any CPU
	EndGlobalSection
	GlobalSection(ProjectConfigurationPlatforms) = postSolution
		{E8E5BB98-95A5-4E2B-B5F4-EAEB91458FED}.Debug|Any CPU.ActiveCfg = Debug|Any CPU
		{E8E5BB98-95A5-4E2B-B5F4-EAEB91458FED}.Debug|Any CPU.Build.0 = Debug|Any CPU
		{E8E5BB98-95A5-4E2B-B5F4-EAEB91458FED}.Release|Any CPU.ActiveCfg = Release|Any CPU
		{E8E5BB98-95A5-4E2B-B5F4-EAEB91458FED}.Release|Any CPU.Build.0 = Release|Any CPU
	EndGlobalSection
	GlobalSection(SolutionProperties) = preSolution
		HideSolutionNode = FALSE
	EndGlobalSection
	GlobalSection(ExtensibilityGlobals) = postSolution
		SolutionGuid = {81049E3A-EA8C-4481-99A5-80CFF6FAE3D8}
	EndGlobalSection
EndGlobal
