
Microsoft Visual Studio Solution File, Format Version 12.00
# Visual Studio Version 17
VisualStudioVersion = 17.5.33502.453
MinimumVisualStudioVersion = 10.0.40219.1
Project("{FAE04EC0-301F-11D3-BF4B-00C04F79EFBC}") = "beecrowd1064", "beecrowd1064\beecrowd1064.csproj", "{562D56C4-1CA9-47BA-84EB-005D3DE87414}"
EndProject
Global
	GlobalSection(SolutionConfigurationPlatforms) = preSolution
		Debug|Any CPU = Debug|Any CPU
		Release|Any CPU = Release|Any CPU
	EndGlobalSection
	GlobalSection(ProjectConfigurationPlatforms) = postSolution
		{562D56C4-1CA9-47BA-84EB-005D3DE87414}.Debug|Any CPU.ActiveCfg = Debug|Any CPU
		{562D56C4-1CA9-47BA-84EB-005D3DE87414}.Debug|Any CPU.Build.0 = Debug|Any CPU
		{562D56C4-1CA9-47BA-84EB-005D3DE87414}.Release|Any CPU.ActiveCfg = Release|Any CPU
		{562D56C4-1CA9-47BA-84EB-005D3DE87414}.Release|Any CPU.Build.0 = Release|Any CPU
	EndGlobalSection
	GlobalSection(SolutionProperties) = preSolution
		HideSolutionNode = FALSE
	EndGlobalSection
	GlobalSection(ExtensibilityGlobals) = postSolution
		SolutionGuid = {F2500B8D-93B0-497C-8A06-798A99065CF9}
	EndGlobalSection
EndGlobal
