
Microsoft Visual Studio Solution File, Format Version 12.00
# Visual Studio Version 17
VisualStudioVersion = 17.5.33516.290
MinimumVisualStudioVersion = 10.0.40219.1
Project("{FAE04EC0-301F-11D3-BF4B-00C04F79EFBC}") = "aumento", "aumento\aumento.csproj", "{B442A80B-D113-4D3D-A2B3-FDEF0F25F1BF}"
EndProject
Global
	GlobalSection(SolutionConfigurationPlatforms) = preSolution
		Debug|Any CPU = Debug|Any CPU
		Release|Any CPU = Release|Any CPU
	EndGlobalSection
	GlobalSection(ProjectConfigurationPlatforms) = postSolution
		{B442A80B-D113-4D3D-A2B3-FDEF0F25F1BF}.Debug|Any CPU.ActiveCfg = Debug|Any CPU
		{B442A80B-D113-4D3D-A2B3-FDEF0F25F1BF}.Debug|Any CPU.Build.0 = Debug|Any CPU
		{B442A80B-D113-4D3D-A2B3-FDEF0F25F1BF}.Release|Any CPU.ActiveCfg = Release|Any CPU
		{B442A80B-D113-4D3D-A2B3-FDEF0F25F1BF}.Release|Any CPU.Build.0 = Release|Any CPU
	EndGlobalSection
	GlobalSection(SolutionProperties) = preSolution
		HideSolutionNode = FALSE
	EndGlobalSection
	GlobalSection(ExtensibilityGlobals) = postSolution
		SolutionGuid = {C090F41A-713D-42EF-9FE9-DDCCEF9FC905}
	EndGlobalSection
EndGlobal
