
Microsoft Visual Studio Solution File, Format Version 12.00
# Visual Studio Version 17
VisualStudioVersion = 17.5.33516.290
MinimumVisualStudioVersion = 10.0.40219.1
Project("{FAE04EC0-301F-11D3-BF4B-00C04F79EFBC}") = "sequencia_impares", "sequencia_impares\sequencia_impares.csproj", "{7497BD37-3705-42D6-B69E-78BBAA99EF86}"
EndProject
Global
	GlobalSection(SolutionConfigurationPlatforms) = preSolution
		Debug|Any CPU = Debug|Any CPU
		Release|Any CPU = Release|Any CPU
	EndGlobalSection
	GlobalSection(ProjectConfigurationPlatforms) = postSolution
		{7497BD37-3705-42D6-B69E-78BBAA99EF86}.Debug|Any CPU.ActiveCfg = Debug|Any CPU
		{7497BD37-3705-42D6-B69E-78BBAA99EF86}.Debug|Any CPU.Build.0 = Debug|Any CPU
		{7497BD37-3705-42D6-B69E-78BBAA99EF86}.Release|Any CPU.ActiveCfg = Release|Any CPU
		{7497BD37-3705-42D6-B69E-78BBAA99EF86}.Release|Any CPU.Build.0 = Release|Any CPU
	EndGlobalSection
	GlobalSection(SolutionProperties) = preSolution
		HideSolutionNode = FALSE
	EndGlobalSection
	GlobalSection(ExtensibilityGlobals) = postSolution
		SolutionGuid = {35E24C68-3E6B-4A4D-838B-77908808D7F1}
	EndGlobalSection
EndGlobal
