
Microsoft Visual Studio Solution File, Format Version 12.00
# Visual Studio Version 17
VisualStudioVersion = 17.5.33516.290
MinimumVisualStudioVersion = 10.0.40219.1
Project("{FAE04EC0-301F-11D3-BF4B-00C04F79EFBC}") = "ex001_2", "ex001_2\ex001_2.csproj", "{7DE3E01A-90A8-41B7-84A8-A6587FC32D6A}"
EndProject
Global
	GlobalSection(SolutionConfigurationPlatforms) = preSolution
		Debug|Any CPU = Debug|Any CPU
		Release|Any CPU = Release|Any CPU
	EndGlobalSection
	GlobalSection(ProjectConfigurationPlatforms) = postSolution
		{7DE3E01A-90A8-41B7-84A8-A6587FC32D6A}.Debug|Any CPU.ActiveCfg = Debug|Any CPU
		{7DE3E01A-90A8-41B7-84A8-A6587FC32D6A}.Debug|Any CPU.Build.0 = Debug|Any CPU
		{7DE3E01A-90A8-41B7-84A8-A6587FC32D6A}.Release|Any CPU.ActiveCfg = Release|Any CPU
		{7DE3E01A-90A8-41B7-84A8-A6587FC32D6A}.Release|Any CPU.Build.0 = Release|Any CPU
	EndGlobalSection
	GlobalSection(SolutionProperties) = preSolution
		HideSolutionNode = FALSE
	EndGlobalSection
	GlobalSection(ExtensibilityGlobals) = postSolution
		SolutionGuid = {AF41042A-DEDD-4540-97B8-AAA4C52C658F}
	EndGlobalSection
EndGlobal
