
Microsoft Visual Studio Solution File, Format Version 12.00
# Visual Studio Version 17
VisualStudioVersion = 17.5.33516.290
MinimumVisualStudioVersion = 10.0.40219.1
Project("{FAE04EC0-301F-11D3-BF4B-00C04F79EFBC}") = "teste_ap", "teste_ap\teste_ap.csproj", "{1C1B1637-DF9F-4F1C-AA37-88F2738C9828}"
EndProject
Global
	GlobalSection(SolutionConfigurationPlatforms) = preSolution
		Debug|Any CPU = Debug|Any CPU
		Release|Any CPU = Release|Any CPU
	EndGlobalSection
	GlobalSection(ProjectConfigurationPlatforms) = postSolution
		{1C1B1637-DF9F-4F1C-AA37-88F2738C9828}.Debug|Any CPU.ActiveCfg = Debug|Any CPU
		{1C1B1637-DF9F-4F1C-AA37-88F2738C9828}.Debug|Any CPU.Build.0 = Debug|Any CPU
		{1C1B1637-DF9F-4F1C-AA37-88F2738C9828}.Release|Any CPU.ActiveCfg = Release|Any CPU
		{1C1B1637-DF9F-4F1C-AA37-88F2738C9828}.Release|Any CPU.Build.0 = Release|Any CPU
	EndGlobalSection
	GlobalSection(SolutionProperties) = preSolution
		HideSolutionNode = FALSE
	EndGlobalSection
	GlobalSection(ExtensibilityGlobals) = postSolution
		SolutionGuid = {54209814-FBEB-4218-BB32-1818935814AD}
	EndGlobalSection
EndGlobal
