
Microsoft Visual Studio Solution File, Format Version 12.00
# Visual Studio Version 17
VisualStudioVersion = 17.5.33516.290
MinimumVisualStudioVersion = 10.0.40219.1
Project("{FAE04EC0-301F-11D3-BF4B-00C04F79EFBC}") = "ex006_2", "ex006_2\ex006_2.csproj", "{C2688591-6069-451C-9CE0-E23129B98F52}"
EndProject
Global
	GlobalSection(SolutionConfigurationPlatforms) = preSolution
		Debug|Any CPU = Debug|Any CPU
		Release|Any CPU = Release|Any CPU
	EndGlobalSection
	GlobalSection(ProjectConfigurationPlatforms) = postSolution
		{C2688591-6069-451C-9CE0-E23129B98F52}.Debug|Any CPU.ActiveCfg = Debug|Any CPU
		{C2688591-6069-451C-9CE0-E23129B98F52}.Debug|Any CPU.Build.0 = Debug|Any CPU
		{C2688591-6069-451C-9CE0-E23129B98F52}.Release|Any CPU.ActiveCfg = Release|Any CPU
		{C2688591-6069-451C-9CE0-E23129B98F52}.Release|Any CPU.Build.0 = Release|Any CPU
	EndGlobalSection
	GlobalSection(SolutionProperties) = preSolution
		HideSolutionNode = FALSE
	EndGlobalSection
	GlobalSection(ExtensibilityGlobals) = postSolution
		SolutionGuid = {F55A0447-D5E7-4A52-B137-C692929F169D}
	EndGlobalSection
EndGlobal
