
Microsoft Visual Studio Solution File, Format Version 12.00
# Visual Studio Version 17
VisualStudioVersion = 17.5.33502.453
MinimumVisualStudioVersion = 10.0.40219.1
Project("{FAE04EC0-301F-11D3-BF4B-00C04F79EFBC}") = "media_pares", "media_pares\media_pares.csproj", "{0B34ADBB-FD4A-47F8-A995-92956A3A3155}"
EndProject
Global
	GlobalSection(SolutionConfigurationPlatforms) = preSolution
		Debug|Any CPU = Debug|Any CPU
		Release|Any CPU = Release|Any CPU
	EndGlobalSection
	GlobalSection(ProjectConfigurationPlatforms) = postSolution
		{0B34ADBB-FD4A-47F8-A995-92956A3A3155}.Debug|Any CPU.ActiveCfg = Debug|Any CPU
		{0B34ADBB-FD4A-47F8-A995-92956A3A3155}.Debug|Any CPU.Build.0 = Debug|Any CPU
		{0B34ADBB-FD4A-47F8-A995-92956A3A3155}.Release|Any CPU.ActiveCfg = Release|Any CPU
		{0B34ADBB-FD4A-47F8-A995-92956A3A3155}.Release|Any CPU.Build.0 = Release|Any CPU
	EndGlobalSection
	GlobalSection(SolutionProperties) = preSolution
		HideSolutionNode = FALSE
	EndGlobalSection
	GlobalSection(ExtensibilityGlobals) = postSolution
		SolutionGuid = {50017429-53D1-4493-B423-3114539BB1FF}
	EndGlobalSection
EndGlobal
