
Microsoft Visual Studio Solution File, Format Version 12.00
# Visual Studio Version 17
VisualStudioVersion = 17.5.33516.290
MinimumVisualStudioVersion = 10.0.40219.1
Project("{FAE04EC0-301F-11D3-BF4B-00C04F79EFBC}") = "experiencias", "experiencias\experiencias.csproj", "{4C97034C-54B9-4667-931C-801A15DB8D19}"
EndProject
Global
	GlobalSection(SolutionConfigurationPlatforms) = preSolution
		Debug|Any CPU = Debug|Any CPU
		Release|Any CPU = Release|Any CPU
	EndGlobalSection
	GlobalSection(ProjectConfigurationPlatforms) = postSolution
		{4C97034C-54B9-4667-931C-801A15DB8D19}.Debug|Any CPU.ActiveCfg = Debug|Any CPU
		{4C97034C-54B9-4667-931C-801A15DB8D19}.Debug|Any CPU.Build.0 = Debug|Any CPU
		{4C97034C-54B9-4667-931C-801A15DB8D19}.Release|Any CPU.ActiveCfg = Release|Any CPU
		{4C97034C-54B9-4667-931C-801A15DB8D19}.Release|Any CPU.Build.0 = Release|Any CPU
	EndGlobalSection
	GlobalSection(SolutionProperties) = preSolution
		HideSolutionNode = FALSE
	EndGlobalSection
	GlobalSection(ExtensibilityGlobals) = postSolution
		SolutionGuid = {F9E832E5-DD47-40E6-BFDD-441E72191B35}
	EndGlobalSection
EndGlobal
