
Microsoft Visual Studio Solution File, Format Version 12.00
# Visual Studio Version 17
VisualStudioVersion = 17.5.33516.290
MinimumVisualStudioVersion = 10.0.40219.1
Project("{FAE04EC0-301F-11D3-BF4B-00C04F79EFBC}") = "soma_linhas", "soma_linhas\soma_linhas.csproj", "{3D83FFC2-0BC7-4580-9310-E2334FD06B64}"
EndProject
Global
	GlobalSection(SolutionConfigurationPlatforms) = preSolution
		Debug|Any CPU = Debug|Any CPU
		Release|Any CPU = Release|Any CPU
	EndGlobalSection
	GlobalSection(ProjectConfigurationPlatforms) = postSolution
		{3D83FFC2-0BC7-4580-9310-E2334FD06B64}.Debug|Any CPU.ActiveCfg = Debug|Any CPU
		{3D83FFC2-0BC7-4580-9310-E2334FD06B64}.Debug|Any CPU.Build.0 = Debug|Any CPU
		{3D83FFC2-0BC7-4580-9310-E2334FD06B64}.Release|Any CPU.ActiveCfg = Release|Any CPU
		{3D83FFC2-0BC7-4580-9310-E2334FD06B64}.Release|Any CPU.Build.0 = Release|Any CPU
	EndGlobalSection
	GlobalSection(SolutionProperties) = preSolution
		HideSolutionNode = FALSE
	EndGlobalSection
	GlobalSection(ExtensibilityGlobals) = postSolution
		SolutionGuid = {A91DFD63-E797-48D8-B4D8-0BAEA64B41DD}
	EndGlobalSection
EndGlobal
